
Microsoft Visual Studio Solution File, Format Version 12.00
# Visual Studio Version 16
VisualStudioVersion = 16.0.30626.31
MinimumVisualStudioVersion = 10.0.40219.1
Project("{FAE04EC0-301F-11D3-BF4B-00C04F79EFBC}") = "DataBaseConnection", "DataBaseConnection\DataBaseConnection.csproj", "{ADAD8C0C-AC10-40D3-A1B4-4685ED59E5C1}"
EndProject
Project("{FAE04EC0-301F-11D3-BF4B-00C04F79EFBC}") = "Services", "Services\Services.csproj", "{7178A86B-C787-4658-AD09-38F12244659C}"
EndProject
Global
	GlobalSection(SolutionConfigurationPlatforms) = preSolution
		Debug|Any CPU = Debug|Any CPU
		Release|Any CPU = Release|Any CPU
	EndGlobalSection
	GlobalSection(ProjectConfigurationPlatforms) = postSolution
		{ADAD8C0C-AC10-40D3-A1B4-4685ED59E5C1}.Debug|Any CPU.ActiveCfg = Debug|Any CPU
		{ADAD8C0C-AC10-40D3-A1B4-4685ED59E5C1}.Debug|Any CPU.Build.0 = Debug|Any CPU
		{ADAD8C0C-AC10-40D3-A1B4-4685ED59E5C1}.Release|Any CPU.ActiveCfg = Release|Any CPU
		{ADAD8C0C-AC10-40D3-A1B4-4685ED59E5C1}.Release|Any CPU.Build.0 = Release|Any CPU
		{7178A86B-C787-4658-AD09-38F12244659C}.Debug|Any CPU.ActiveCfg = Debug|Any CPU
		{7178A86B-C787-4658-AD09-38F12244659C}.Debug|Any CPU.Build.0 = Debug|Any CPU
		{7178A86B-C787-4658-AD09-38F12244659C}.Release|Any CPU.ActiveCfg = Release|Any CPU
		{7178A86B-C787-4658-AD09-38F12244659C}.Release|Any CPU.Build.0 = Release|Any CPU
	EndGlobalSection
	GlobalSection(SolutionProperties) = preSolution
		HideSolutionNode = FALSE
	EndGlobalSection
	GlobalSection(ExtensibilityGlobals) = postSolution
		SolutionGuid = {60D30339-5EAB-4B6E-990D-4F0CF80D1F72}
	EndGlobalSection
EndGlobal
